
Microsoft Visual Studio Solution File, Format Version 10.00
# Visual Studio 2008
Project("{8BC9CEB8-8B4A-11D0-8D11-00A0C91BC942}") = "core_test", "core_test.vcproj", "{F416E947-9BFF-4345-858C-71A82D70CF2E}"
	ProjectSection(ProjectDependencies) = postProject
		{E2623520-E791-4977-B223-882E445C01F9} = {E2623520-E791-4977-B223-882E445C01F9}
		{5F523229-7A5C-42E9-A1D4-C699FF9C0EE4} = {5F523229-7A5C-42E9-A1D4-C699FF9C0EE4}
		{2675942E-D27A-4244-B749-D519578CA273} = {2675942E-D27A-4244-B749-D519578CA273}
		{92AEAF4B-E2E2-4D59-8FF1-7C4007CEBFE7} = {92AEAF4B-E2E2-4D59-8FF1-7C4007CEBFE7}
		{B911C67B-5C30-4421-9E9B-F2CDBB86F4EF} = {B911C67B-5C30-4421-9E9B-F2CDBB86F4EF}
		{909CF689-5135-4134-8D45-2509B62A0267} = {909CF689-5135-4134-8D45-2509B62A0267}
		{2BC8FE8A-E1E8-40DE-B5AE-82E4E83A26AE} = {2BC8FE8A-E1E8-40DE-B5AE-82E4E83A26AE}
		{62836898-8D77-433D-A34E-A5943E8DF040} = {62836898-8D77-433D-A34E-A5943E8DF040}
		{F84A1AB2-B0E5-4FA9-9EFD-F5C0D8501FB4} = {F84A1AB2-B0E5-4FA9-9EFD-F5C0D8501FB4}
		{69A987C2-0893-43B5-B966-FD8ED049538C} = {69A987C2-0893-43B5-B966-FD8ED049538C}
		{ED8CA2ED-D7B4-4714-A490-71D6228647DD} = {ED8CA2ED-D7B4-4714-A490-71D6228647DD}
	EndProjectSection
EndProject
Project("{8BC9CEB8-8B4A-11D0-8D11-00A0C91BC942}") = "data_structures_test", "..\data_structures\msvc9\data_structures_test.vcproj", "{92AEAF4B-E2E2-4D59-8FF1-7C4007CEBFE7}"
EndProject
Project("{8BC9CEB8-8B4A-11D0-8D11-00A0C91BC942}") = "emplacer_test", "..\emplacer\msvc9\emplacer_test.vcproj", "{E2623520-E791-4977-B223-882E445C01F9}"
EndProject
Project("{8BC9CEB8-8B4A-11D0-8D11-00A0C91BC942}") = "expr_traits_test", "..\expr_traits\msvc9\expr_traits_test.vcproj", "{62836898-8D77-433D-A34E-A5943E8DF040}"
EndProject
Project("{8BC9CEB8-8B4A-11D0-8D11-00A0C91BC942}") = "introspection_test", "..\introspection\msvc9\introspection_test.vcproj", "{69A987C2-0893-43B5-B966-FD8ED049538C}"
EndProject
Project("{8BC9CEB8-8B4A-11D0-8D11-00A0C91BC942}") = "iterator_test", "..\iterator\msvc9\iterator_test.vcproj", "{B911C67B-5C30-4421-9E9B-F2CDBB86F4EF}"
EndProject
Project("{8BC9CEB8-8B4A-11D0-8D11-00A0C91BC942}") = "keyword_test", "..\keyword\msvc9\keyword_test.vcproj", "{F84A1AB2-B0E5-4FA9-9EFD-F5C0D8501FB4}"
EndProject
Project("{8BC9CEB8-8B4A-11D0-8D11-00A0C91BC942}") = "math_test", "..\math\msvc9\math_test.vcproj", "{2BC8FE8A-E1E8-40DE-B5AE-82E4E83A26AE}"
EndProject
Project("{8BC9CEB8-8B4A-11D0-8D11-00A0C91BC942}") = "memory_test", "..\memory\msvc9\memory_test.vcproj", "{ED8CA2ED-D7B4-4714-A490-71D6228647DD}"
EndProject
Project("{8BC9CEB8-8B4A-11D0-8D11-00A0C91BC942}") = "move_test", "..\move\msvc9\move_test.vcproj", "{909CF689-5135-4134-8D45-2509B62A0267}"
EndProject
Project("{8BC9CEB8-8B4A-11D0-8D11-00A0C91BC942}") = "ref_test", "..\ref\msvc9\ref_test.vcproj", "{2675942E-D27A-4244-B749-D519578CA273}"
EndProject
Project("{8BC9CEB8-8B4A-11D0-8D11-00A0C91BC942}") = "utility_test", "..\utility\msvc9\utility_test.vcproj", "{5F523229-7A5C-42E9-A1D4-C699FF9C0EE4}"
EndProject
Global
	GlobalSection(SolutionConfigurationPlatforms) = preSolution
		Debug|Win32 = Debug|Win32
		Release|Win32 = Release|Win32
	EndGlobalSection
	GlobalSection(ProjectConfigurationPlatforms) = postSolution
		{F416E947-9BFF-4345-858C-71A82D70CF2E}.Debug|Win32.ActiveCfg = Debug|Win32
		{F416E947-9BFF-4345-858C-71A82D70CF2E}.Debug|Win32.Build.0 = Debug|Win32
		{F416E947-9BFF-4345-858C-71A82D70CF2E}.Release|Win32.ActiveCfg = Release|Win32
		{F416E947-9BFF-4345-858C-71A82D70CF2E}.Release|Win32.Build.0 = Release|Win32
		{92AEAF4B-E2E2-4D59-8FF1-7C4007CEBFE7}.Debug|Win32.ActiveCfg = Debug|Win32
		{92AEAF4B-E2E2-4D59-8FF1-7C4007CEBFE7}.Debug|Win32.Build.0 = Debug|Win32
		{92AEAF4B-E2E2-4D59-8FF1-7C4007CEBFE7}.Release|Win32.ActiveCfg = Release|Win32
		{92AEAF4B-E2E2-4D59-8FF1-7C4007CEBFE7}.Release|Win32.Build.0 = Release|Win32
		{E2623520-E791-4977-B223-882E445C01F9}.Debug|Win32.ActiveCfg = Debug|Win32
		{E2623520-E791-4977-B223-882E445C01F9}.Debug|Win32.Build.0 = Debug|Win32
		{E2623520-E791-4977-B223-882E445C01F9}.Release|Win32.ActiveCfg = Release|Win32
		{E2623520-E791-4977-B223-882E445C01F9}.Release|Win32.Build.0 = Release|Win32
		{62836898-8D77-433D-A34E-A5943E8DF040}.Debug|Win32.ActiveCfg = Debug|Win32
		{62836898-8D77-433D-A34E-A5943E8DF040}.Debug|Win32.Build.0 = Debug|Win32
		{62836898-8D77-433D-A34E-A5943E8DF040}.Release|Win32.ActiveCfg = Release|Win32
		{62836898-8D77-433D-A34E-A5943E8DF040}.Release|Win32.Build.0 = Release|Win32
		{69A987C2-0893-43B5-B966-FD8ED049538C}.Debug|Win32.ActiveCfg = Debug|Win32
		{69A987C2-0893-43B5-B966-FD8ED049538C}.Debug|Win32.Build.0 = Debug|Win32
		{69A987C2-0893-43B5-B966-FD8ED049538C}.Release|Win32.ActiveCfg = Release|Win32
		{69A987C2-0893-43B5-B966-FD8ED049538C}.Release|Win32.Build.0 = Release|Win32
		{B911C67B-5C30-4421-9E9B-F2CDBB86F4EF}.Debug|Win32.ActiveCfg = Debug|Win32
		{B911C67B-5C30-4421-9E9B-F2CDBB86F4EF}.Debug|Win32.Build.0 = Debug|Win32
		{B911C67B-5C30-4421-9E9B-F2CDBB86F4EF}.Release|Win32.ActiveCfg = Release|Win32
		{B911C67B-5C30-4421-9E9B-F2CDBB86F4EF}.Release|Win32.Build.0 = Release|Win32
		{F84A1AB2-B0E5-4FA9-9EFD-F5C0D8501FB4}.Debug|Win32.ActiveCfg = Debug|Win32
		{F84A1AB2-B0E5-4FA9-9EFD-F5C0D8501FB4}.Debug|Win32.Build.0 = Debug|Win32
		{F84A1AB2-B0E5-4FA9-9EFD-F5C0D8501FB4}.Release|Win32.ActiveCfg = Release|Win32
		{F84A1AB2-B0E5-4FA9-9EFD-F5C0D8501FB4}.Release|Win32.Build.0 = Release|Win32
		{2BC8FE8A-E1E8-40DE-B5AE-82E4E83A26AE}.Debug|Win32.ActiveCfg = Debug|Win32
		{2BC8FE8A-E1E8-40DE-B5AE-82E4E83A26AE}.Debug|Win32.Build.0 = Debug|Win32
		{2BC8FE8A-E1E8-40DE-B5AE-82E4E83A26AE}.Release|Win32.ActiveCfg = Release|Win32
		{2BC8FE8A-E1E8-40DE-B5AE-82E4E83A26AE}.Release|Win32.Build.0 = Release|Win32
		{ED8CA2ED-D7B4-4714-A490-71D6228647DD}.Debug|Win32.ActiveCfg = Debug|Win32
		{ED8CA2ED-D7B4-4714-A490-71D6228647DD}.Debug|Win32.Build.0 = Debug|Win32
		{ED8CA2ED-D7B4-4714-A490-71D6228647DD}.Release|Win32.ActiveCfg = Release|Win32
		{ED8CA2ED-D7B4-4714-A490-71D6228647DD}.Release|Win32.Build.0 = Release|Win32
		{909CF689-5135-4134-8D45-2509B62A0267}.Debug|Win32.ActiveCfg = Debug|Win32
		{909CF689-5135-4134-8D45-2509B62A0267}.Debug|Win32.Build.0 = Debug|Win32
		{909CF689-5135-4134-8D45-2509B62A0267}.Release|Win32.ActiveCfg = Release|Win32
		{909CF689-5135-4134-8D45-2509B62A0267}.Release|Win32.Build.0 = Release|Win32
		{2675942E-D27A-4244-B749-D519578CA273}.Debug|Win32.ActiveCfg = Debug|Win32
		{2675942E-D27A-4244-B749-D519578CA273}.Debug|Win32.Build.0 = Debug|Win32
		{2675942E-D27A-4244-B749-D519578CA273}.Release|Win32.ActiveCfg = Release|Win32
		{2675942E-D27A-4244-B749-D519578CA273}.Release|Win32.Build.0 = Release|Win32
		{5F523229-7A5C-42E9-A1D4-C699FF9C0EE4}.Debug|Win32.ActiveCfg = Debug|Win32
		{5F523229-7A5C-42E9-A1D4-C699FF9C0EE4}.Debug|Win32.Build.0 = Debug|Win32
		{5F523229-7A5C-42E9-A1D4-C699FF9C0EE4}.Release|Win32.ActiveCfg = Release|Win32
		{5F523229-7A5C-42E9-A1D4-C699FF9C0EE4}.Release|Win32.Build.0 = Release|Win32
	EndGlobalSection
	GlobalSection(SolutionProperties) = preSolution
		HideSolutionNode = FALSE
	EndGlobalSection
EndGlobal
