
Microsoft Visual Studio Solution File, Format Version 10.00
# Visual Studio 2008
Project("{8BC9CEB8-8B4A-11D0-8D11-00A0C91BC942}") = "core_test", "core_test.vcproj", "{F416E947-9BFF-4345-858C-71A82D70CF2E}"
	ProjectSection(ProjectDependencies) = postProject
		{5F523229-7A5C-42E9-A1D4-C699FF9C0EE4} = {5F523229-7A5C-42E9-A1D4-C699FF9C0EE4}
		{2BC8FE8A-E1E8-40DE-B5AE-82E4E83A26AE} = {2BC8FE8A-E1E8-40DE-B5AE-82E4E83A26AE}
		{62836898-8D77-433D-A34E-A5943E8DF040} = {62836898-8D77-433D-A34E-A5943E8DF040}
		{F84A1AB2-B0E5-4FA9-9EFD-F5C0D8501FB4} = {F84A1AB2-B0E5-4FA9-9EFD-F5C0D8501FB4}
		{69A987C2-0893-43B5-B966-FD8ED049538C} = {69A987C2-0893-43B5-B966-FD8ED049538C}
		{ED8CA2ED-D7B4-4714-A490-71D6228647DD} = {ED8CA2ED-D7B4-4714-A490-71D6228647DD}
		{578A02F6-804B-411F-9322-4D187DFF59E2} = {578A02F6-804B-411F-9322-4D187DFF59E2}
	EndProjectSection
EndProject
Project("{8BC9CEB8-8B4A-11D0-8D11-00A0C91BC942}") = "utility_test", "..\utility\msvc9\utility_test.vcproj", "{5F523229-7A5C-42E9-A1D4-C699FF9C0EE4}"
EndProject
Project("{8BC9CEB8-8B4A-11D0-8D11-00A0C91BC942}") = "introspection_test", "..\introspection\msvc9\introspection_test.vcproj", "{69A987C2-0893-43B5-B966-FD8ED049538C}"
EndProject
Project("{8BC9CEB8-8B4A-11D0-8D11-00A0C91BC942}") = "expr_traits_test", "..\expr_traits\msvc9\expr_traits_test.vcproj", "{62836898-8D77-433D-A34E-A5943E8DF040}"
EndProject
Project("{8BC9CEB8-8B4A-11D0-8D11-00A0C91BC942}") = "ref_test", "..\ref\msvc9\ref_test.vcproj", "{578A02F6-804B-411F-9322-4D187DFF59E2}"
EndProject
Project("{8BC9CEB8-8B4A-11D0-8D11-00A0C91BC942}") = "keyword_test", "..\keyword\msvc9\keyword_test.vcproj", "{F84A1AB2-B0E5-4FA9-9EFD-F5C0D8501FB4}"
EndProject
Project("{8BC9CEB8-8B4A-11D0-8D11-00A0C91BC942}") = "math_test", "..\math\msvc9\math_test.vcproj", "{2BC8FE8A-E1E8-40DE-B5AE-82E4E83A26AE}"
EndProject
Project("{8BC9CEB8-8B4A-11D0-8D11-00A0C91BC942}") = "memory_test", "..\memory\msvc9\memory_test.vcproj", "{ED8CA2ED-D7B4-4714-A490-71D6228647DD}"
EndProject
Global
	GlobalSection(SolutionConfigurationPlatforms) = preSolution
		Debug|Win32 = Debug|Win32
		Release|Win32 = Release|Win32
	EndGlobalSection
	GlobalSection(ProjectConfigurationPlatforms) = postSolution
		{F416E947-9BFF-4345-858C-71A82D70CF2E}.Debug|Win32.ActiveCfg = Debug|Win32
		{F416E947-9BFF-4345-858C-71A82D70CF2E}.Debug|Win32.Build.0 = Debug|Win32
		{F416E947-9BFF-4345-858C-71A82D70CF2E}.Release|Win32.ActiveCfg = Release|Win32
		{F416E947-9BFF-4345-858C-71A82D70CF2E}.Release|Win32.Build.0 = Release|Win32
		{5F523229-7A5C-42E9-A1D4-C699FF9C0EE4}.Debug|Win32.ActiveCfg = Debug|Win32
		{5F523229-7A5C-42E9-A1D4-C699FF9C0EE4}.Debug|Win32.Build.0 = Debug|Win32
		{5F523229-7A5C-42E9-A1D4-C699FF9C0EE4}.Release|Win32.ActiveCfg = Release|Win32
		{5F523229-7A5C-42E9-A1D4-C699FF9C0EE4}.Release|Win32.Build.0 = Release|Win32
		{69A987C2-0893-43B5-B966-FD8ED049538C}.Debug|Win32.ActiveCfg = Debug|Win32
		{69A987C2-0893-43B5-B966-FD8ED049538C}.Debug|Win32.Build.0 = Debug|Win32
		{69A987C2-0893-43B5-B966-FD8ED049538C}.Release|Win32.ActiveCfg = Release|Win32
		{69A987C2-0893-43B5-B966-FD8ED049538C}.Release|Win32.Build.0 = Release|Win32
		{62836898-8D77-433D-A34E-A5943E8DF040}.Debug|Win32.ActiveCfg = Debug|Win32
		{62836898-8D77-433D-A34E-A5943E8DF040}.Debug|Win32.Build.0 = Debug|Win32
		{62836898-8D77-433D-A34E-A5943E8DF040}.Release|Win32.ActiveCfg = Release|Win32
		{62836898-8D77-433D-A34E-A5943E8DF040}.Release|Win32.Build.0 = Release|Win32
		{578A02F6-804B-411F-9322-4D187DFF59E2}.Debug|Win32.ActiveCfg = Debug|Win32
		{578A02F6-804B-411F-9322-4D187DFF59E2}.Debug|Win32.Build.0 = Debug|Win32
		{578A02F6-804B-411F-9322-4D187DFF59E2}.Release|Win32.ActiveCfg = Release|Win32
		{578A02F6-804B-411F-9322-4D187DFF59E2}.Release|Win32.Build.0 = Release|Win32
		{F84A1AB2-B0E5-4FA9-9EFD-F5C0D8501FB4}.Debug|Win32.ActiveCfg = Debug|Win32
		{F84A1AB2-B0E5-4FA9-9EFD-F5C0D8501FB4}.Debug|Win32.Build.0 = Debug|Win32
		{F84A1AB2-B0E5-4FA9-9EFD-F5C0D8501FB4}.Release|Win32.ActiveCfg = Release|Win32
		{F84A1AB2-B0E5-4FA9-9EFD-F5C0D8501FB4}.Release|Win32.Build.0 = Release|Win32
		{2BC8FE8A-E1E8-40DE-B5AE-82E4E83A26AE}.Debug|Win32.ActiveCfg = Debug|Win32
		{2BC8FE8A-E1E8-40DE-B5AE-82E4E83A26AE}.Debug|Win32.Build.0 = Debug|Win32
		{2BC8FE8A-E1E8-40DE-B5AE-82E4E83A26AE}.Release|Win32.ActiveCfg = Release|Win32
		{2BC8FE8A-E1E8-40DE-B5AE-82E4E83A26AE}.Release|Win32.Build.0 = Release|Win32
		{ED8CA2ED-D7B4-4714-A490-71D6228647DD}.Debug|Win32.ActiveCfg = Debug|Win32
		{ED8CA2ED-D7B4-4714-A490-71D6228647DD}.Debug|Win32.Build.0 = Debug|Win32
		{ED8CA2ED-D7B4-4714-A490-71D6228647DD}.Release|Win32.ActiveCfg = Release|Win32
		{ED8CA2ED-D7B4-4714-A490-71D6228647DD}.Release|Win32.Build.0 = Release|Win32
	EndGlobalSection
	GlobalSection(SolutionProperties) = preSolution
		HideSolutionNode = FALSE
	EndGlobalSection
EndGlobal
