
Microsoft Visual Studio Solution File, Format Version 10.00
# Visual Studio 2008
Project("{8BC9CEB8-8B4A-11D0-8D11-00A0C91BC942}") = "sake_core", "sake_core.vcproj", "{BA47FF42-F24B-43ED-9F0F-CF3A64568E52}"
EndProject
Global
	GlobalSection(SolutionConfigurationPlatforms) = preSolution
		Debug|Win32 = Debug|Win32
		Release|Win32 = Release|Win32
	EndGlobalSection
	GlobalSection(ProjectConfigurationPlatforms) = postSolution
		{BA47FF42-F24B-43ED-9F0F-CF3A64568E52}.Debug|Win32.ActiveCfg = Debug|Win32
		{BA47FF42-F24B-43ED-9F0F-CF3A64568E52}.Debug|Win32.Build.0 = Debug|Win32
		{BA47FF42-F24B-43ED-9F0F-CF3A64568E52}.Release|Win32.ActiveCfg = Release|Win32
		{BA47FF42-F24B-43ED-9F0F-CF3A64568E52}.Release|Win32.Build.0 = Release|Win32
	EndGlobalSection
	GlobalSection(SolutionProperties) = preSolution
		HideSolutionNode = FALSE
	EndGlobalSection
EndGlobal
