
Microsoft Visual Studio Solution File, Format Version 10.00
# Visual Studio 2008
Project("{8BC9CEB8-8B4A-11D0-8D11-00A0C91BC942}") = "data_structures_test", "data_structures_test.vcproj", "{92AEAF4B-E2E2-4D59-8FF1-7C4007CEBFE7}"
EndProject
Global
	GlobalSection(SolutionConfigurationPlatforms) = preSolution
		Debug|Win32 = Debug|Win32
		Release|Win32 = Release|Win32
	EndGlobalSection
	GlobalSection(ProjectConfigurationPlatforms) = postSolution
		{92AEAF4B-E2E2-4D59-8FF1-7C4007CEBFE7}.Debug|Win32.ActiveCfg = Debug|Win32
		{92AEAF4B-E2E2-4D59-8FF1-7C4007CEBFE7}.Debug|Win32.Build.0 = Debug|Win32
		{92AEAF4B-E2E2-4D59-8FF1-7C4007CEBFE7}.Release|Win32.ActiveCfg = Release|Win32
		{92AEAF4B-E2E2-4D59-8FF1-7C4007CEBFE7}.Release|Win32.Build.0 = Release|Win32
	EndGlobalSection
	GlobalSection(SolutionProperties) = preSolution
		HideSolutionNode = FALSE
	EndGlobalSection
EndGlobal
