
Microsoft Visual Studio Solution File, Format Version 10.00
# Visual Studio 2008
Project("{8BC9CEB8-8B4A-11D0-8D11-00A0C91BC942}") = "math_test", "math_test.vcproj", "{2BC8FE8A-E1E8-40DE-B5AE-82E4E83A26AE}"
EndProject
Global
	GlobalSection(SolutionConfigurationPlatforms) = preSolution
		Debug|Win32 = Debug|Win32
		Release|Win32 = Release|Win32
	EndGlobalSection
	GlobalSection(ProjectConfigurationPlatforms) = postSolution
		{2BC8FE8A-E1E8-40DE-B5AE-82E4E83A26AE}.Debug|Win32.ActiveCfg = Debug|Win32
		{2BC8FE8A-E1E8-40DE-B5AE-82E4E83A26AE}.Debug|Win32.Build.0 = Debug|Win32
		{2BC8FE8A-E1E8-40DE-B5AE-82E4E83A26AE}.Release|Win32.ActiveCfg = Release|Win32
		{2BC8FE8A-E1E8-40DE-B5AE-82E4E83A26AE}.Release|Win32.Build.0 = Release|Win32
	EndGlobalSection
	GlobalSection(SolutionProperties) = preSolution
		HideSolutionNode = FALSE
	EndGlobalSection
EndGlobal
